
Microsoft Visual Studio Solution File, Format Version 12.00
# Visual Studio Version 17
VisualStudioVersion = 17.9.34701.34
MinimumVisualStudioVersion = 10.0.40219.1
Project("{FAE04EC0-301F-11D3-BF4B-00C04F79EFBC}") = "ST10390916_PROG_POE", "ST10390916_PROG_POE.csproj", "{F355BC09-0014-4FFE-B529-D35D7E6CE596}"
EndProject
Global
	GlobalSection(SolutionConfigurationPlatforms) = preSolution
		Debug|Any CPU = Debug|Any CPU
		Release|Any CPU = Release|Any CPU
	EndGlobalSection
	GlobalSection(ProjectConfigurationPlatforms) = postSolution
		{F355BC09-0014-4FFE-B529-D35D7E6CE596}.Debug|Any CPU.ActiveCfg = Debug|Any CPU
		{F355BC09-0014-4FFE-B529-D35D7E6CE596}.Debug|Any CPU.Build.0 = Debug|Any CPU
		{F355BC09-0014-4FFE-B529-D35D7E6CE596}.Release|Any CPU.ActiveCfg = Release|Any CPU
		{F355BC09-0014-4FFE-B529-D35D7E6CE596}.Release|Any CPU.Build.0 = Release|Any CPU
	EndGlobalSection
	GlobalSection(SolutionProperties) = preSolution
		HideSolutionNode = FALSE
	EndGlobalSection
	GlobalSection(ExtensibilityGlobals) = postSolution
		SolutionGuid = {A90FA0A5-8702-4D0B-AD87-636E70EEAE2D}
	EndGlobalSection
EndGlobal
